
Microsoft Visual Studio Solution File, Format Version 11.00
# Visual Studio 2010
Project("{FAE04EC0-301F-11D3-BF4B-00C04F79EFBC}") = "7TimerAstroWeather", "7TimerAstroWeather\7TimerAstroWeather.csproj", "{E6CCF32E-3B1D-409A-AC10-2485DCAB2AD4}"
EndProject
Global
	GlobalSection(SolutionConfigurationPlatforms) = preSolution
		Debug|Any CPU = Debug|Any CPU
		Release|Any CPU = Release|Any CPU
	EndGlobalSection
	GlobalSection(ProjectConfigurationPlatforms) = postSolution
		{E6CCF32E-3B1D-409A-AC10-2485DCAB2AD4}.Debug|Any CPU.ActiveCfg = Debug|Any CPU
		{E6CCF32E-3B1D-409A-AC10-2485DCAB2AD4}.Debug|Any CPU.Build.0 = Debug|Any CPU
		{E6CCF32E-3B1D-409A-AC10-2485DCAB2AD4}.Debug|Any CPU.Deploy.0 = Debug|Any CPU
		{E6CCF32E-3B1D-409A-AC10-2485DCAB2AD4}.Release|Any CPU.ActiveCfg = Release|Any CPU
		{E6CCF32E-3B1D-409A-AC10-2485DCAB2AD4}.Release|Any CPU.Build.0 = Release|Any CPU
		{E6CCF32E-3B1D-409A-AC10-2485DCAB2AD4}.Release|Any CPU.Deploy.0 = Release|Any CPU
	EndGlobalSection
	GlobalSection(SolutionProperties) = preSolution
		HideSolutionNode = FALSE
	EndGlobalSection
EndGlobal
